
Microsoft Visual Studio Solution File, Format Version 12.00
# Visual Studio Version 17
VisualStudioVersion = 17.0.31808.319
MinimumVisualStudioVersion = 10.0.40219.1
Project("{9A19103F-16F7-4668-BE54-9A1E7A4F7556}") = "Asteroids.Blazor.Wasm", "Asteroids.Blazor.Wasm\Asteroids.Blazor.Wasm.csproj", "{D950B4DD-7426-4272-8601-AC51340D9124}"
EndProject
Project("{9A19103F-16F7-4668-BE54-9A1E7A4F7556}") = "Asteroids.Standard", "Asteroids.Standard\Asteroids.Standard.csproj", "{10AB7D83-5711-4C7B-A216-94BB8F25660F}"
EndProject
Project("{9A19103F-16F7-4668-BE54-9A1E7A4F7556}") = "Asteroids.BlazorComponents", "Asteroids.BlazorComponents\Asteroids.BlazorComponents.csproj", "{39EE3BA7-80BF-48F9-BE2B-71402AF19A9D}"
EndProject
Project("{2150E333-8FDC-42A3-9474-1A3956D46DE8}") = "Base", "Base", "{CFE33B50-3F0C-48EC-B75D-6C6CECD51F7F}"
EndProject
Project("{9A19103F-16F7-4668-BE54-9A1E7A4F7556}") = "Asteroids.Blazor.Server", "Asteroids.Blazor.Server\Asteroids.Blazor.Server.csproj", "{49AF563A-6AD7-4C0D-8521-08047FFCCB30}"
EndProject
Global
	GlobalSection(SolutionConfigurationPlatforms) = preSolution
		Ad-Hoc|Any CPU = Ad-Hoc|Any CPU
		Ad-Hoc|ARM = Ad-Hoc|ARM
		Ad-Hoc|ARM64 = Ad-Hoc|ARM64
		Ad-Hoc|iPhone = Ad-Hoc|iPhone
		Ad-Hoc|iPhoneSimulator = Ad-Hoc|iPhoneSimulator
		Ad-Hoc|x64 = Ad-Hoc|x64
		Ad-Hoc|x86 = Ad-Hoc|x86
		AppStore|Any CPU = AppStore|Any CPU
		AppStore|ARM = AppStore|ARM
		AppStore|ARM64 = AppStore|ARM64
		AppStore|iPhone = AppStore|iPhone
		AppStore|iPhoneSimulator = AppStore|iPhoneSimulator
		AppStore|x64 = AppStore|x64
		AppStore|x86 = AppStore|x86
		Debug|Any CPU = Debug|Any CPU
		Debug|ARM = Debug|ARM
		Debug|ARM64 = Debug|ARM64
		Debug|iPhone = Debug|iPhone
		Debug|iPhoneSimulator = Debug|iPhoneSimulator
		Debug|x64 = Debug|x64
		Debug|x86 = Debug|x86
		Release|Any CPU = Release|Any CPU
		Release|ARM = Release|ARM
		Release|ARM64 = Release|ARM64
		Release|iPhone = Release|iPhone
		Release|iPhoneSimulator = Release|iPhoneSimulator
		Release|x64 = Release|x64
		Release|x86 = Release|x86
	EndGlobalSection
	GlobalSection(ProjectConfigurationPlatforms) = postSolution
		{D950B4DD-7426-4272-8601-AC51340D9124}.Ad-Hoc|Any CPU.ActiveCfg = Debug|Any CPU
		{D950B4DD-7426-4272-8601-AC51340D9124}.Ad-Hoc|Any CPU.Build.0 = Debug|Any CPU
		{D950B4DD-7426-4272-8601-AC51340D9124}.Ad-Hoc|ARM.ActiveCfg = Debug|Any CPU
		{D950B4DD-7426-4272-8601-AC51340D9124}.Ad-Hoc|ARM.Build.0 = Debug|Any CPU
		{D950B4DD-7426-4272-8601-AC51340D9124}.Ad-Hoc|ARM64.ActiveCfg = Release|Any CPU
		{D950B4DD-7426-4272-8601-AC51340D9124}.Ad-Hoc|ARM64.Build.0 = Release|Any CPU
		{D950B4DD-7426-4272-8601-AC51340D9124}.Ad-Hoc|iPhone.ActiveCfg = Debug|Any CPU
		{D950B4DD-7426-4272-8601-AC51340D9124}.Ad-Hoc|iPhone.Build.0 = Debug|Any CPU
		{D950B4DD-7426-4272-8601-AC51340D9124}.Ad-Hoc|iPhoneSimulator.ActiveCfg = Debug|Any CPU
		{D950B4DD-7426-4272-8601-AC51340D9124}.Ad-Hoc|iPhoneSimulator.Build.0 = Debug|Any CPU
		{D950B4DD-7426-4272-8601-AC51340D9124}.Ad-Hoc|x64.ActiveCfg = Debug|Any CPU
		{D950B4DD-7426-4272-8601-AC51340D9124}.Ad-Hoc|x64.Build.0 = Debug|Any CPU
		{D950B4DD-7426-4272-8601-AC51340D9124}.Ad-Hoc|x86.ActiveCfg = Debug|Any CPU
		{D950B4DD-7426-4272-8601-AC51340D9124}.Ad-Hoc|x86.Build.0 = Debug|Any CPU
		{D950B4DD-7426-4272-8601-AC51340D9124}.AppStore|Any CPU.ActiveCfg = Debug|Any CPU
		{D950B4DD-7426-4272-8601-AC51340D9124}.AppStore|Any CPU.Build.0 = Debug|Any CPU
		{D950B4DD-7426-4272-8601-AC51340D9124}.AppStore|ARM.ActiveCfg = Debug|Any CPU
		{D950B4DD-7426-4272-8601-AC51340D9124}.AppStore|ARM.Build.0 = Debug|Any CPU
		{D950B4DD-7426-4272-8601-AC51340D9124}.AppStore|ARM64.ActiveCfg = Release|Any CPU
		{D950B4DD-7426-4272-8601-AC51340D9124}.AppStore|ARM64.Build.0 = Release|Any CPU
		{D950B4DD-7426-4272-8601-AC51340D9124}.AppStore|iPhone.ActiveCfg = Debug|Any CPU
		{D950B4DD-7426-4272-8601-AC51340D9124}.AppStore|iPhone.Build.0 = Debug|Any CPU
		{D950B4DD-7426-4272-8601-AC51340D9124}.AppStore|iPhoneSimulator.ActiveCfg = Debug|Any CPU
		{D950B4DD-7426-4272-8601-AC51340D9124}.AppStore|iPhoneSimulator.Build.0 = Debug|Any CPU
		{D950B4DD-7426-4272-8601-AC51340D9124}.AppStore|x64.ActiveCfg = Debug|Any CPU
		{D950B4DD-7426-4272-8601-AC51340D9124}.AppStore|x64.Build.0 = Debug|Any CPU
		{D950B4DD-7426-4272-8601-AC51340D9124}.AppStore|x86.ActiveCfg = Debug|Any CPU
		{D950B4DD-7426-4272-8601-AC51340D9124}.AppStore|x86.Build.0 = Debug|Any CPU
		{D950B4DD-7426-4272-8601-AC51340D9124}.Debug|Any CPU.ActiveCfg = Debug|Any CPU
		{D950B4DD-7426-4272-8601-AC51340D9124}.Debug|Any CPU.Build.0 = Debug|Any CPU
		{D950B4DD-7426-4272-8601-AC51340D9124}.Debug|ARM.ActiveCfg = Debug|Any CPU
		{D950B4DD-7426-4272-8601-AC51340D9124}.Debug|ARM.Build.0 = Debug|Any CPU
		{D950B4DD-7426-4272-8601-AC51340D9124}.Debug|ARM64.ActiveCfg = Debug|Any CPU
		{D950B4DD-7426-4272-8601-AC51340D9124}.Debug|ARM64.Build.0 = Debug|Any CPU
		{D950B4DD-7426-4272-8601-AC51340D9124}.Debug|iPhone.ActiveCfg = Debug|Any CPU
		{D950B4DD-7426-4272-8601-AC51340D9124}.Debug|iPhone.Build.0 = Debug|Any CPU
		{D950B4DD-7426-4272-8601-AC51340D9124}.Debug|iPhoneSimulator.ActiveCfg = Debug|Any CPU
		{D950B4DD-7426-4272-8601-AC51340D9124}.Debug|iPhoneSimulator.Build.0 = Debug|Any CPU
		{D950B4DD-7426-4272-8601-AC51340D9124}.Debug|x64.ActiveCfg = Debug|Any CPU
		{D950B4DD-7426-4272-8601-AC51340D9124}.Debug|x64.Build.0 = Debug|Any CPU
		{D950B4DD-7426-4272-8601-AC51340D9124}.Debug|x86.ActiveCfg = Debug|Any CPU
		{D950B4DD-7426-4272-8601-AC51340D9124}.Debug|x86.Build.0 = Debug|Any CPU
		{D950B4DD-7426-4272-8601-AC51340D9124}.Release|Any CPU.ActiveCfg = Release|Any CPU
		{D950B4DD-7426-4272-8601-AC51340D9124}.Release|Any CPU.Build.0 = Release|Any CPU
		{D950B4DD-7426-4272-8601-AC51340D9124}.Release|ARM.ActiveCfg = Release|Any CPU
		{D950B4DD-7426-4272-8601-AC51340D9124}.Release|ARM.Build.0 = Release|Any CPU
		{D950B4DD-7426-4272-8601-AC51340D9124}.Release|ARM64.ActiveCfg = Release|Any CPU
		{D950B4DD-7426-4272-8601-AC51340D9124}.Release|ARM64.Build.0 = Release|Any CPU
		{D950B4DD-7426-4272-8601-AC51340D9124}.Release|iPhone.ActiveCfg = Release|Any CPU
		{D950B4DD-7426-4272-8601-AC51340D9124}.Release|iPhone.Build.0 = Release|Any CPU
		{D950B4DD-7426-4272-8601-AC51340D9124}.Release|iPhoneSimulator.ActiveCfg = Release|Any CPU
		{D950B4DD-7426-4272-8601-AC51340D9124}.Release|iPhoneSimulator.Build.0 = Release|Any CPU
		{D950B4DD-7426-4272-8601-AC51340D9124}.Release|x64.ActiveCfg = Release|Any CPU
		{D950B4DD-7426-4272-8601-AC51340D9124}.Release|x64.Build.0 = Release|Any CPU
		{D950B4DD-7426-4272-8601-AC51340D9124}.Release|x86.ActiveCfg = Release|Any CPU
		{D950B4DD-7426-4272-8601-AC51340D9124}.Release|x86.Build.0 = Release|Any CPU
		{10AB7D83-5711-4C7B-A216-94BB8F25660F}.Ad-Hoc|Any CPU.ActiveCfg = Release|Any CPU
		{10AB7D83-5711-4C7B-A216-94BB8F25660F}.Ad-Hoc|Any CPU.Build.0 = Release|Any CPU
		{10AB7D83-5711-4C7B-A216-94BB8F25660F}.Ad-Hoc|ARM.ActiveCfg = Release|Any CPU
		{10AB7D83-5711-4C7B-A216-94BB8F25660F}.Ad-Hoc|ARM.Build.0 = Release|Any CPU
		{10AB7D83-5711-4C7B-A216-94BB8F25660F}.Ad-Hoc|ARM64.ActiveCfg = Debug|Any CPU
		{10AB7D83-5711-4C7B-A216-94BB8F25660F}.Ad-Hoc|ARM64.Build.0 = Debug|Any CPU
		{10AB7D83-5711-4C7B-A216-94BB8F25660F}.Ad-Hoc|iPhone.ActiveCfg = Release|Any CPU
		{10AB7D83-5711-4C7B-A216-94BB8F25660F}.Ad-Hoc|iPhone.Build.0 = Release|Any CPU
		{10AB7D83-5711-4C7B-A216-94BB8F25660F}.Ad-Hoc|iPhoneSimulator.ActiveCfg = Release|Any CPU
		{10AB7D83-5711-4C7B-A216-94BB8F25660F}.Ad-Hoc|iPhoneSimulator.Build.0 = Release|Any CPU
		{10AB7D83-5711-4C7B-A216-94BB8F25660F}.Ad-Hoc|x64.ActiveCfg = Release|Any CPU
		{10AB7D83-5711-4C7B-A216-94BB8F25660F}.Ad-Hoc|x64.Build.0 = Release|Any CPU
		{10AB7D83-5711-4C7B-A216-94BB8F25660F}.Ad-Hoc|x86.ActiveCfg = Release|Any CPU
		{10AB7D83-5711-4C7B-A216-94BB8F25660F}.Ad-Hoc|x86.Build.0 = Release|Any CPU
		{10AB7D83-5711-4C7B-A216-94BB8F25660F}.AppStore|Any CPU.ActiveCfg = Release|Any CPU
		{10AB7D83-5711-4C7B-A216-94BB8F25660F}.AppStore|Any CPU.Build.0 = Release|Any CPU
		{10AB7D83-5711-4C7B-A216-94BB8F25660F}.AppStore|ARM.ActiveCfg = Release|Any CPU
		{10AB7D83-5711-4C7B-A216-94BB8F25660F}.AppStore|ARM.Build.0 = Release|Any CPU
		{10AB7D83-5711-4C7B-A216-94BB8F25660F}.AppStore|ARM64.ActiveCfg = Debug|Any CPU
		{10AB7D83-5711-4C7B-A216-94BB8F25660F}.AppStore|ARM64.Build.0 = Debug|Any CPU
		{10AB7D83-5711-4C7B-A216-94BB8F25660F}.AppStore|iPhone.ActiveCfg = Release|Any CPU
		{10AB7D83-5711-4C7B-A216-94BB8F25660F}.AppStore|iPhone.Build.0 = Release|Any CPU
		{10AB7D83-5711-4C7B-A216-94BB8F25660F}.AppStore|iPhoneSimulator.ActiveCfg = Release|Any CPU
		{10AB7D83-5711-4C7B-A216-94BB8F25660F}.AppStore|iPhoneSimulator.Build.0 = Release|Any CPU
		{10AB7D83-5711-4C7B-A216-94BB8F25660F}.AppStore|x64.ActiveCfg = Release|Any CPU
		{10AB7D83-5711-4C7B-A216-94BB8F25660F}.AppStore|x64.Build.0 = Release|Any CPU
		{10AB7D83-5711-4C7B-A216-94BB8F25660F}.AppStore|x86.ActiveCfg = Release|Any CPU
		{10AB7D83-5711-4C7B-A216-94BB8F25660F}.AppStore|x86.Build.0 = Release|Any CPU
		{10AB7D83-5711-4C7B-A216-94BB8F25660F}.Debug|Any CPU.ActiveCfg = Debug|Any CPU
		{10AB7D83-5711-4C7B-A216-94BB8F25660F}.Debug|Any CPU.Build.0 = Debug|Any CPU
		{10AB7D83-5711-4C7B-A216-94BB8F25660F}.Debug|ARM.ActiveCfg = Debug|Any CPU
		{10AB7D83-5711-4C7B-A216-94BB8F25660F}.Debug|ARM.Build.0 = Debug|Any CPU
		{10AB7D83-5711-4C7B-A216-94BB8F25660F}.Debug|ARM64.ActiveCfg = Debug|Any CPU
		{10AB7D83-5711-4C7B-A216-94BB8F25660F}.Debug|ARM64.Build.0 = Debug|Any CPU
		{10AB7D83-5711-4C7B-A216-94BB8F25660F}.Debug|iPhone.ActiveCfg = Debug|Any CPU
		{10AB7D83-5711-4C7B-A216-94BB8F25660F}.Debug|iPhone.Build.0 = Debug|Any CPU
		{10AB7D83-5711-4C7B-A216-94BB8F25660F}.Debug|iPhoneSimulator.ActiveCfg = Debug|Any CPU
		{10AB7D83-5711-4C7B-A216-94BB8F25660F}.Debug|iPhoneSimulator.Build.0 = Debug|Any CPU
		{10AB7D83-5711-4C7B-A216-94BB8F25660F}.Debug|x64.ActiveCfg = Debug|Any CPU
		{10AB7D83-5711-4C7B-A216-94BB8F25660F}.Debug|x64.Build.0 = Debug|Any CPU
		{10AB7D83-5711-4C7B-A216-94BB8F25660F}.Debug|x86.ActiveCfg = Debug|Any CPU
		{10AB7D83-5711-4C7B-A216-94BB8F25660F}.Debug|x86.Build.0 = Debug|Any CPU
		{10AB7D83-5711-4C7B-A216-94BB8F25660F}.Release|Any CPU.ActiveCfg = Release|Any CPU
		{10AB7D83-5711-4C7B-A216-94BB8F25660F}.Release|Any CPU.Build.0 = Release|Any CPU
		{10AB7D83-5711-4C7B-A216-94BB8F25660F}.Release|ARM.ActiveCfg = Release|Any CPU
		{10AB7D83-5711-4C7B-A216-94BB8F25660F}.Release|ARM.Build.0 = Release|Any CPU
		{10AB7D83-5711-4C7B-A216-94BB8F25660F}.Release|ARM64.ActiveCfg = Release|Any CPU
		{10AB7D83-5711-4C7B-A216-94BB8F25660F}.Release|ARM64.Build.0 = Release|Any CPU
		{10AB7D83-5711-4C7B-A216-94BB8F25660F}.Release|iPhone.ActiveCfg = Release|Any CPU
		{10AB7D83-5711-4C7B-A216-94BB8F25660F}.Release|iPhone.Build.0 = Release|Any CPU
		{10AB7D83-5711-4C7B-A216-94BB8F25660F}.Release|iPhoneSimulator.ActiveCfg = Release|Any CPU
		{10AB7D83-5711-4C7B-A216-94BB8F25660F}.Release|iPhoneSimulator.Build.0 = Release|Any CPU
		{10AB7D83-5711-4C7B-A216-94BB8F25660F}.Release|x64.ActiveCfg = Release|Any CPU
		{10AB7D83-5711-4C7B-A216-94BB8F25660F}.Release|x64.Build.0 = Release|Any CPU
		{10AB7D83-5711-4C7B-A216-94BB8F25660F}.Release|x86.ActiveCfg = Release|Any CPU
		{10AB7D83-5711-4C7B-A216-94BB8F25660F}.Release|x86.Build.0 = Release|Any CPU
		{39EE3BA7-80BF-48F9-BE2B-71402AF19A9D}.Ad-Hoc|Any CPU.ActiveCfg = Debug|Any CPU
		{39EE3BA7-80BF-48F9-BE2B-71402AF19A9D}.Ad-Hoc|Any CPU.Build.0 = Debug|Any CPU
		{39EE3BA7-80BF-48F9-BE2B-71402AF19A9D}.Ad-Hoc|ARM.ActiveCfg = Debug|Any CPU
		{39EE3BA7-80BF-48F9-BE2B-71402AF19A9D}.Ad-Hoc|ARM.Build.0 = Debug|Any CPU
		{39EE3BA7-80BF-48F9-BE2B-71402AF19A9D}.Ad-Hoc|ARM64.ActiveCfg = Release|Any CPU
		{39EE3BA7-80BF-48F9-BE2B-71402AF19A9D}.Ad-Hoc|ARM64.Build.0 = Release|Any CPU
		{39EE3BA7-80BF-48F9-BE2B-71402AF19A9D}.Ad-Hoc|iPhone.ActiveCfg = Debug|Any CPU
		{39EE3BA7-80BF-48F9-BE2B-71402AF19A9D}.Ad-Hoc|iPhone.Build.0 = Debug|Any CPU
		{39EE3BA7-80BF-48F9-BE2B-71402AF19A9D}.Ad-Hoc|iPhoneSimulator.ActiveCfg = Debug|Any CPU
		{39EE3BA7-80BF-48F9-BE2B-71402AF19A9D}.Ad-Hoc|iPhoneSimulator.Build.0 = Debug|Any CPU
		{39EE3BA7-80BF-48F9-BE2B-71402AF19A9D}.Ad-Hoc|x64.ActiveCfg = Debug|Any CPU
		{39EE3BA7-80BF-48F9-BE2B-71402AF19A9D}.Ad-Hoc|x64.Build.0 = Debug|Any CPU
		{39EE3BA7-80BF-48F9-BE2B-71402AF19A9D}.Ad-Hoc|x86.ActiveCfg = Debug|Any CPU
		{39EE3BA7-80BF-48F9-BE2B-71402AF19A9D}.Ad-Hoc|x86.Build.0 = Debug|Any CPU
		{39EE3BA7-80BF-48F9-BE2B-71402AF19A9D}.AppStore|Any CPU.ActiveCfg = Debug|Any CPU
		{39EE3BA7-80BF-48F9-BE2B-71402AF19A9D}.AppStore|Any CPU.Build.0 = Debug|Any CPU
		{39EE3BA7-80BF-48F9-BE2B-71402AF19A9D}.AppStore|ARM.ActiveCfg = Debug|Any CPU
		{39EE3BA7-80BF-48F9-BE2B-71402AF19A9D}.AppStore|ARM.Build.0 = Debug|Any CPU
		{39EE3BA7-80BF-48F9-BE2B-71402AF19A9D}.AppStore|ARM64.ActiveCfg = Release|Any CPU
		{39EE3BA7-80BF-48F9-BE2B-71402AF19A9D}.AppStore|ARM64.Build.0 = Release|Any CPU
		{39EE3BA7-80BF-48F9-BE2B-71402AF19A9D}.AppStore|iPhone.ActiveCfg = Debug|Any CPU
		{39EE3BA7-80BF-48F9-BE2B-71402AF19A9D}.AppStore|iPhone.Build.0 = Debug|Any CPU
		{39EE3BA7-80BF-48F9-BE2B-71402AF19A9D}.AppStore|iPhoneSimulator.ActiveCfg = Debug|Any CPU
		{39EE3BA7-80BF-48F9-BE2B-71402AF19A9D}.AppStore|iPhoneSimulator.Build.0 = Debug|Any CPU
		{39EE3BA7-80BF-48F9-BE2B-71402AF19A9D}.AppStore|x64.ActiveCfg = Debug|Any CPU
		{39EE3BA7-80BF-48F9-BE2B-71402AF19A9D}.AppStore|x64.Build.0 = Debug|Any CPU
		{39EE3BA7-80BF-48F9-BE2B-71402AF19A9D}.AppStore|x86.ActiveCfg = Debug|Any CPU
		{39EE3BA7-80BF-48F9-BE2B-71402AF19A9D}.AppStore|x86.Build.0 = Debug|Any CPU
		{39EE3BA7-80BF-48F9-BE2B-71402AF19A9D}.Debug|Any CPU.ActiveCfg = Debug|Any CPU
		{39EE3BA7-80BF-48F9-BE2B-71402AF19A9D}.Debug|Any CPU.Build.0 = Debug|Any CPU
		{39EE3BA7-80BF-48F9-BE2B-71402AF19A9D}.Debug|ARM.ActiveCfg = Debug|Any CPU
		{39EE3BA7-80BF-48F9-BE2B-71402AF19A9D}.Debug|ARM.Build.0 = Debug|Any CPU
		{39EE3BA7-80BF-48F9-BE2B-71402AF19A9D}.Debug|ARM64.ActiveCfg = Debug|Any CPU
		{39EE3BA7-80BF-48F9-BE2B-71402AF19A9D}.Debug|ARM64.Build.0 = Debug|Any CPU
		{39EE3BA7-80BF-48F9-BE2B-71402AF19A9D}.Debug|iPhone.ActiveCfg = Debug|Any CPU
		{39EE3BA7-80BF-48F9-BE2B-71402AF19A9D}.Debug|iPhone.Build.0 = Debug|Any CPU
		{39EE3BA7-80BF-48F9-BE2B-71402AF19A9D}.Debug|iPhoneSimulator.ActiveCfg = Debug|Any CPU
		{39EE3BA7-80BF-48F9-BE2B-71402AF19A9D}.Debug|iPhoneSimulator.Build.0 = Debug|Any CPU
		{39EE3BA7-80BF-48F9-BE2B-71402AF19A9D}.Debug|x64.ActiveCfg = Debug|Any CPU
		{39EE3BA7-80BF-48F9-BE2B-71402AF19A9D}.Debug|x64.Build.0 = Debug|Any CPU
		{39EE3BA7-80BF-48F9-BE2B-71402AF19A9D}.Debug|x86.ActiveCfg = Debug|Any CPU
		{39EE3BA7-80BF-48F9-BE2B-71402AF19A9D}.Debug|x86.Build.0 = Debug|Any CPU
		{39EE3BA7-80BF-48F9-BE2B-71402AF19A9D}.Release|Any CPU.ActiveCfg = Release|Any CPU
		{39EE3BA7-80BF-48F9-BE2B-71402AF19A9D}.Release|Any CPU.Build.0 = Release|Any CPU
		{39EE3BA7-80BF-48F9-BE2B-71402AF19A9D}.Release|ARM.ActiveCfg = Release|Any CPU
		{39EE3BA7-80BF-48F9-BE2B-71402AF19A9D}.Release|ARM.Build.0 = Release|Any CPU
		{39EE3BA7-80BF-48F9-BE2B-71402AF19A9D}.Release|ARM64.ActiveCfg = Release|Any CPU
		{39EE3BA7-80BF-48F9-BE2B-71402AF19A9D}.Release|ARM64.Build.0 = Release|Any CPU
		{39EE3BA7-80BF-48F9-BE2B-71402AF19A9D}.Release|iPhone.ActiveCfg = Release|Any CPU
		{39EE3BA7-80BF-48F9-BE2B-71402AF19A9D}.Release|iPhone.Build.0 = Release|Any CPU
		{39EE3BA7-80BF-48F9-BE2B-71402AF19A9D}.Release|iPhoneSimulator.ActiveCfg = Release|Any CPU
		{39EE3BA7-80BF-48F9-BE2B-71402AF19A9D}.Release|iPhoneSimulator.Build.0 = Release|Any CPU
		{39EE3BA7-80BF-48F9-BE2B-71402AF19A9D}.Release|x64.ActiveCfg = Release|Any CPU
		{39EE3BA7-80BF-48F9-BE2B-71402AF19A9D}.Release|x64.Build.0 = Release|Any CPU
		{39EE3BA7-80BF-48F9-BE2B-71402AF19A9D}.Release|x86.ActiveCfg = Release|Any CPU
		{39EE3BA7-80BF-48F9-BE2B-71402AF19A9D}.Release|x86.Build.0 = Release|Any CPU
		{49AF563A-6AD7-4C0D-8521-08047FFCCB30}.Ad-Hoc|Any CPU.ActiveCfg = Debug|Any CPU
		{49AF563A-6AD7-4C0D-8521-08047FFCCB30}.Ad-Hoc|Any CPU.Build.0 = Debug|Any CPU
		{49AF563A-6AD7-4C0D-8521-08047FFCCB30}.Ad-Hoc|ARM.ActiveCfg = Debug|Any CPU
		{49AF563A-6AD7-4C0D-8521-08047FFCCB30}.Ad-Hoc|ARM.Build.0 = Debug|Any CPU
		{49AF563A-6AD7-4C0D-8521-08047FFCCB30}.Ad-Hoc|ARM64.ActiveCfg = Release|Any CPU
		{49AF563A-6AD7-4C0D-8521-08047FFCCB30}.Ad-Hoc|ARM64.Build.0 = Release|Any CPU
		{49AF563A-6AD7-4C0D-8521-08047FFCCB30}.Ad-Hoc|iPhone.ActiveCfg = Debug|Any CPU
		{49AF563A-6AD7-4C0D-8521-08047FFCCB30}.Ad-Hoc|iPhone.Build.0 = Debug|Any CPU
		{49AF563A-6AD7-4C0D-8521-08047FFCCB30}.Ad-Hoc|iPhoneSimulator.ActiveCfg = Debug|Any CPU
		{49AF563A-6AD7-4C0D-8521-08047FFCCB30}.Ad-Hoc|iPhoneSimulator.Build.0 = Debug|Any CPU
		{49AF563A-6AD7-4C0D-8521-08047FFCCB30}.Ad-Hoc|x64.ActiveCfg = Debug|Any CPU
		{49AF563A-6AD7-4C0D-8521-08047FFCCB30}.Ad-Hoc|x64.Build.0 = Debug|Any CPU
		{49AF563A-6AD7-4C0D-8521-08047FFCCB30}.Ad-Hoc|x86.ActiveCfg = Debug|Any CPU
		{49AF563A-6AD7-4C0D-8521-08047FFCCB30}.Ad-Hoc|x86.Build.0 = Debug|Any CPU
		{49AF563A-6AD7-4C0D-8521-08047FFCCB30}.AppStore|Any CPU.ActiveCfg = Debug|Any CPU
		{49AF563A-6AD7-4C0D-8521-08047FFCCB30}.AppStore|Any CPU.Build.0 = Debug|Any CPU
		{49AF563A-6AD7-4C0D-8521-08047FFCCB30}.AppStore|ARM.ActiveCfg = Debug|Any CPU
		{49AF563A-6AD7-4C0D-8521-08047FFCCB30}.AppStore|ARM.Build.0 = Debug|Any CPU
		{49AF563A-6AD7-4C0D-8521-08047FFCCB30}.AppStore|ARM64.ActiveCfg = Release|Any CPU
		{49AF563A-6AD7-4C0D-8521-08047FFCCB30}.AppStore|ARM64.Build.0 = Release|Any CPU
		{49AF563A-6AD7-4C0D-8521-08047FFCCB30}.AppStore|iPhone.ActiveCfg = Debug|Any CPU
		{49AF563A-6AD7-4C0D-8521-08047FFCCB30}.AppStore|iPhone.Build.0 = Debug|Any CPU
		{49AF563A-6AD7-4C0D-8521-08047FFCCB30}.AppStore|iPhoneSimulator.ActiveCfg = Debug|Any CPU
		{49AF563A-6AD7-4C0D-8521-08047FFCCB30}.AppStore|iPhoneSimulator.Build.0 = Debug|Any CPU
		{49AF563A-6AD7-4C0D-8521-08047FFCCB30}.AppStore|x64.ActiveCfg = Debug|Any CPU
		{49AF563A-6AD7-4C0D-8521-08047FFCCB30}.AppStore|x64.Build.0 = Debug|Any CPU
		{49AF563A-6AD7-4C0D-8521-08047FFCCB30}.AppStore|x86.ActiveCfg = Debug|Any CPU
		{49AF563A-6AD7-4C0D-8521-08047FFCCB30}.AppStore|x86.Build.0 = Debug|Any CPU
		{49AF563A-6AD7-4C0D-8521-08047FFCCB30}.Debug|Any CPU.ActiveCfg = Debug|Any CPU
		{49AF563A-6AD7-4C0D-8521-08047FFCCB30}.Debug|Any CPU.Build.0 = Debug|Any CPU
		{49AF563A-6AD7-4C0D-8521-08047FFCCB30}.Debug|ARM.ActiveCfg = Debug|Any CPU
		{49AF563A-6AD7-4C0D-8521-08047FFCCB30}.Debug|ARM.Build.0 = Debug|Any CPU
		{49AF563A-6AD7-4C0D-8521-08047FFCCB30}.Debug|ARM64.ActiveCfg = Debug|Any CPU
		{49AF563A-6AD7-4C0D-8521-08047FFCCB30}.Debug|ARM64.Build.0 = Debug|Any CPU
		{49AF563A-6AD7-4C0D-8521-08047FFCCB30}.Debug|iPhone.ActiveCfg = Debug|Any CPU
		{49AF563A-6AD7-4C0D-8521-08047FFCCB30}.Debug|iPhone.Build.0 = Debug|Any CPU
		{49AF563A-6AD7-4C0D-8521-08047FFCCB30}.Debug|iPhoneSimulator.ActiveCfg = Debug|Any CPU
		{49AF563A-6AD7-4C0D-8521-08047FFCCB30}.Debug|iPhoneSimulator.Build.0 = Debug|Any CPU
		{49AF563A-6AD7-4C0D-8521-08047FFCCB30}.Debug|x64.ActiveCfg = Debug|Any CPU
		{49AF563A-6AD7-4C0D-8521-08047FFCCB30}.Debug|x64.Build.0 = Debug|Any CPU
		{49AF563A-6AD7-4C0D-8521-08047FFCCB30}.Debug|x86.ActiveCfg = Debug|Any CPU
		{49AF563A-6AD7-4C0D-8521-08047FFCCB30}.Debug|x86.Build.0 = Debug|Any CPU
		{49AF563A-6AD7-4C0D-8521-08047FFCCB30}.Release|Any CPU.ActiveCfg = Release|Any CPU
		{49AF563A-6AD7-4C0D-8521-08047FFCCB30}.Release|Any CPU.Build.0 = Release|Any CPU
		{49AF563A-6AD7-4C0D-8521-08047FFCCB30}.Release|ARM.ActiveCfg = Release|Any CPU
		{49AF563A-6AD7-4C0D-8521-08047FFCCB30}.Release|ARM.Build.0 = Release|Any CPU
		{49AF563A-6AD7-4C0D-8521-08047FFCCB30}.Release|ARM64.ActiveCfg = Release|Any CPU
		{49AF563A-6AD7-4C0D-8521-08047FFCCB30}.Release|ARM64.Build.0 = Release|Any CPU
		{49AF563A-6AD7-4C0D-8521-08047FFCCB30}.Release|iPhone.ActiveCfg = Release|Any CPU
		{49AF563A-6AD7-4C0D-8521-08047FFCCB30}.Release|iPhone.Build.0 = Release|Any CPU
		{49AF563A-6AD7-4C0D-8521-08047FFCCB30}.Release|iPhoneSimulator.ActiveCfg = Release|Any CPU
		{49AF563A-6AD7-4C0D-8521-08047FFCCB30}.Release|iPhoneSimulator.Build.0 = Release|Any CPU
		{49AF563A-6AD7-4C0D-8521-08047FFCCB30}.Release|x64.ActiveCfg = Release|Any CPU
		{49AF563A-6AD7-4C0D-8521-08047FFCCB30}.Release|x64.Build.0 = Release|Any CPU
		{49AF563A-6AD7-4C0D-8521-08047FFCCB30}.Release|x86.ActiveCfg = Release|Any CPU
		{49AF563A-6AD7-4C0D-8521-08047FFCCB30}.Release|x86.Build.0 = Release|Any CPU
	EndGlobalSection
	GlobalSection(SolutionProperties) = preSolution
		HideSolutionNode = FALSE
	EndGlobalSection
	GlobalSection(NestedProjects) = preSolution
		{10AB7D83-5711-4C7B-A216-94BB8F25660F} = {CFE33B50-3F0C-48EC-B75D-6C6CECD51F7F}
		{39EE3BA7-80BF-48F9-BE2B-71402AF19A9D} = {CFE33B50-3F0C-48EC-B75D-6C6CECD51F7F}
	EndGlobalSection
	GlobalSection(ExtensibilityGlobals) = postSolution
		SolutionGuid = {E32C5FBF-C2F8-4320-953F-60DB550AC268}
	EndGlobalSection
EndGlobal
